// !$*UTF8*$!
{
	archiveVersion = 1;
	classes = {
	};
	objectVersion = 48;
	objects = {

/* Begin PBXBuildFile section */
		8425DF281FFC39B100ED75D6 /* AppDelegate.swift in Sources */ = {isa = PBXBuildFile; fileRef = 8425DF271FFC39B100ED75D6 /* AppDelegate.swift */; };
		8425DF2A1FFC39B100ED75D6 /* ViewController.swift in Sources */ = {isa = PBXBuildFile; fileRef = 8425DF291FFC39B100ED75D6 /* ViewController.swift */; };
		8425DF2D1FFC39B100ED75D6 /* Main.storyboard in Resources */ = {isa = PBXBuildFile; fileRef = 8425DF2B1FFC39B100ED75D6 /* Main.storyboard */; };
		8425DF2F1FFC39B100ED75D6 /* Assets.xcassets in Resources */ = {isa = PBXBuildFile; fileRef = 8425DF2E1FFC39B100ED75D6 /* Assets.xcassets */; };
		8425DF321FFC39B100ED75D6 /* LaunchScreen.storyboard in Resources */ = {isa = PBXBuildFile; fileRef = 8425DF301FFC39B100ED75D6 /* LaunchScreen.storyboard */; };
		8425DF3D1FFC39B100ED75D6 /* ElementQuizTests.swift in Sources */ = {isa = PBXBuildFile; fileRef = 8425DF3C1FFC39B100ED75D6 /* ElementQuizTests.swift */; };
		8425DF481FFC39B100ED75D6 /* ElementQuizUITests.swift in Sources */ = {isa = PBXBuildFile; fileRef = 8425DF471FFC39B100ED75D6 /* ElementQuizUITests.swift */; };
/* End PBXBuildFile section */

/* Begin PBXContainerItemProxy section */
		8425DF391FFC39B100ED75D6 /* PBXContainerItemProxy */ = {
			isa = PBXContainerItemProxy;
			containerPortal = 8425DF1C1FFC39B100ED75D6 /* Project object */;
			proxyType = 1;
			remoteGlobalIDString = 8425DF231FFC39B100ED75D6;
			remoteInfo = ElementQuiz;
		};
		8425DF441FFC39B100ED75D6 /* PBXContainerItemProxy */ = {
			isa = PBXContainerItemProxy;
			containerPortal = 8425DF1C1FFC39B100ED75D6 /* Project object */;
			proxyType = 1;
			remoteGlobalIDString = 8425DF231FFC39B100ED75D6;
			remoteInfo = ElementQuiz;
		};
/* End PBXContainerItemProxy section */

/* Begin PBXFileReference section */
		8425DF241FFC39B100ED75D6 /* ElementQuiz.app */ = {isa = PBXFileReference; explicitFileType = wrapper.application; includeInIndex = 0; path = ElementQuiz.app; sourceTree = BUILT_PRODUCTS_DIR; };
		8425DF271FFC39B100ED75D6 /* AppDelegate.swift */ = {isa = PBXFileReference; lastKnownFileType = sourcecode.swift; path = AppDelegate.swift; sourceTree = "<group>"; };
		8425DF291FFC39B100ED75D6 /* ViewController.swift */ = {isa = PBXFileReference; lastKnownFileType = sourcecode.swift; path = ViewController.swift; sourceTree = "<group>"; };
		8425DF2C1FFC39B100ED75D6 /* Base */ = {isa = PBXFileReference; lastKnownFileType = file.storyboard; name = Base; path = Base.lproj/Main.storyboard; sourceTree = "<group>"; };
		8425DF2E1FFC39B100ED75D6 /* Assets.xcassets */ = {isa = PBXFileReference; lastKnownFileType = folder.assetcatalog; path = Assets.xcassets; sourceTree = "<group>"; };
		8425DF311FFC39B100ED75D6 /* Base */ = {isa = PBXFileReference; lastKnownFileType = file.storyboard; name = Base; path = Base.lproj/LaunchScreen.storyboard; sourceTree = "<group>"; };
		8425DF331FFC39B100ED75D6 /* Info.plist */ = {isa = PBXFileReference; lastKnownFileType = text.plist.xml; path = Info.plist; sourceTree = "<group>"; };
		8425DF381FFC39B100ED75D6 /* ElementQuizTests.xctest */ = {isa = PBXFileReference; explicitFileType = wrapper.cfbundle; includeInIndex = 0; path = ElementQuizTests.xctest; sourceTree = BUILT_PRODUCTS_DIR; };
		8425DF3C1FFC39B100ED75D6 /* ElementQuizTests.swift */ = {isa = PBXFileReference; lastKnownFileType = sourcecode.swift; path = ElementQuizTests.swift; sourceTree = "<group>"; };
		8425DF3E1FFC39B100ED75D6 /* Info.plist */ = {isa = PBXFileReference; lastKnownFileType = text.plist.xml; path = Info.plist; sourceTree = "<group>"; };
		8425DF431FFC39B100ED75D6 /* ElementQuizUITests.xctest */ = {isa = PBXFileReference; explicitFileType = wrapper.cfbundle; includeInIndex = 0; path = ElementQuizUITests.xctest; sourceTree = BUILT_PRODUCTS_DIR; };
		8425DF471FFC39B100ED75D6 /* ElementQuizUITests.swift */ = {isa = PBXFileReference; lastKnownFileType = sourcecode.swift; path = ElementQuizUITests.swift; sourceTree = "<group>"; };
		8425DF491FFC39B100ED75D6 /* Info.plist */ = {isa = PBXFileReference; lastKnownFileType = text.plist.xml; path = Info.plist; sourceTree = "<group>"; };
/* End PBXFileReference section */

/* Begin PBXFrameworksBuildPhase section */
		8425DF211FFC39B100ED75D6 /* Frameworks */ = {
			isa = PBXFrameworksBuildPhase;
			buildActionMask = 2147483647;
			files = (
			);
			runOnlyForDeploymentPostprocessing = 0;
		};
		8425DF351FFC39B100ED75D6 /* Frameworks */ = {
			isa = PBXFrameworksBuildPhase;
			buildActionMask = 2147483647;
			files = (
			);
			runOnlyForDeploymentPostprocessing = 0;
		};
		8425DF401FFC39B100ED75D6 /* Frameworks */ = {
			isa = PBXFrameworksBuildPhase;
			buildActionMask = 2147483647;
			files = (
			);
			runOnlyForDeploymentPostprocessing = 0;
		};
/* End PBXFrameworksBuildPhase section */

/* Begin PBXGroup section */
		8425DF1B1FFC39B100ED75D6 = {
			isa = PBXGroup;
			children = (
				8425DF261FFC39B100ED75D6 /* ElementQuiz */,
				8425DF3B1FFC39B100ED75D6 /* ElementQuizTests */,
				8425DF461FFC39B100ED75D6 /* ElementQuizUITests */,
				8425DF251FFC39B100ED75D6 /* Products */,
			);
			sourceTree = "<group>";
		};
		8425DF251FFC39B100ED75D6 /* Products */ = {
			isa = PBXGroup;
			children = (
				8425DF241FFC39B100ED75D6 /* ElementQuiz.app */,
				8425DF381FFC39B100ED75D6 /* ElementQuizTests.xctest */,
				8425DF431FFC39B100ED75D6 /* ElementQuizUITests.xctest */,
			);
			name = Products;
			sourceTree = "<group>";
		};
		8425DF261FFC39B100ED75D6 /* ElementQuiz */ = {
			isa = PBXGroup;
			children = (
				8425DF271FFC39B100ED75D6 /* AppDelegate.swift */,
				8425DF291FFC39B100ED75D6 /* ViewController.swift */,
				8425DF2B1FFC39B100ED75D6 /* Main.storyboard */,
				8425DF2E1FFC39B100ED75D6 /* Assets.xcassets */,
				8425DF301FFC39B100ED75D6 /* LaunchScreen.storyboard */,
				8425DF331FFC39B100ED75D6 /* Info.plist */,
			);
			path = ElementQuiz;
			sourceTree = "<group>";
		};
		8425DF3B1FFC39B100ED75D6 /* ElementQuizTests */ = {
			isa = PBXGroup;
			children = (
				8425DF3C1FFC39B100ED75D6 /* ElementQuizTests.swift */,
				8425DF3E1FFC39B100ED75D6 /* Info.plist */,
			);
			path = ElementQuizTests;
			sourceTree = "<group>";
		};
		8425DF461FFC39B100ED75D6 /* ElementQuizUITests */ = {
			isa = PBXGroup;
			children = (
				8425DF471FFC39B100ED75D6 /* ElementQuizUITests.swift */,
				8425DF491FFC39B100ED75D6 /* Info.plist */,
			);
			path = ElementQuizUITests;
			sourceTree = "<group>";
		};
/* End PBXGroup section */

/* Begin PBXNativeTarget section */
		8425DF231FFC39B100ED75D6 /* ElementQuiz */ = {
			isa = PBXNativeTarget;
			buildConfigurationList = 8425DF4C1FFC39B100ED75D6 /* Build configuration list for PBXNativeTarget "ElementQuiz" */;
			buildPhases = (
				8425DF201FFC39B100ED75D6 /* Sources */,
				8425DF211FFC39B100ED75D6 /* Frameworks */,
				8425DF221FFC39B100ED75D6 /* Resources */,
			);
			buildRules = (
			);
			dependencies = (
			);
			name = ElementQuiz;
			productName = ElementQuiz;
			productReference = 8425DF241FFC39B100ED75D6 /* ElementQuiz.app */;
			productType = "com.apple.product-type.application";
		};
		8425DF371FFC39B100ED75D6 /* ElementQuizTests */ = {
			isa = PBXNativeTarget;
			buildConfigurationList = 8425DF4F1FFC39B100ED75D6 /* Build configuration list for PBXNativeTarget "ElementQuizTests" */;
			buildPhases = (
				8425DF341FFC39B100ED75D6 /* Sources */,
				8425DF351FFC39B100ED75D6 /* Frameworks */,
				8425DF361FFC39B100ED75D6 /* Resources */,
			);
			buildRules = (
			);
			dependencies = (
				8425DF3A1FFC39B100ED75D6 /* PBXTargetDependency */,
			);
			name = ElementQuizTests;
			productName = ElementQuizTests;
			productReference = 8425DF381FFC39B100ED75D6 /* ElementQuizTests.xctest */;
			productType = "com.apple.product-type.bundle.unit-test";
		};
		8425DF421FFC39B100ED75D6 /* ElementQuizUITests */ = {
			isa = PBXNativeTarget;
			buildConfigurationList = 8425DF521FFC39B100ED75D6 /* Build configuration list for PBXNativeTarget "ElementQuizUITests" */;
			buildPhases = (
				8425DF3F1FFC39B100ED75D6 /* Sources */,
				8425DF401FFC39B100ED75D6 /* Frameworks */,
				8425DF411FFC39B100ED75D6 /* Resources */,
			);
			buildRules = (
			);
			dependencies = (
				8425DF451FFC39B100ED75D6 /* PBXTargetDependency */,
			);
			name = ElementQuizUITests;
			productName = ElementQuizUITests;
			productReference = 8425DF431FFC39B100ED75D6 /* ElementQuizUITests.xctest */;
			productType = "com.apple.product-type.bundle.ui-testing";
		};
/* End PBXNativeTarget section */

/* Begin PBXProject section */
		8425DF1C1FFC39B100ED75D6 /* Project object */ = {
			isa = PBXProject;
			attributes = {
				LastSwiftUpdateCheck = 0920;
				LastUpgradeCheck = 0920;
				ORGANIZATIONNAME = admin;
				TargetAttributes = {
					8425DF231FFC39B100ED75D6 = {
						CreatedOnToolsVersion = 9.2;
						ProvisioningStyle = Automatic;
					};
					8425DF371FFC39B100ED75D6 = {
						CreatedOnToolsVersion = 9.2;
						ProvisioningStyle = Automatic;
						TestTargetID = 8425DF231FFC39B100ED75D6;
					};
					8425DF421FFC39B100ED75D6 = {
						CreatedOnToolsVersion = 9.2;
						ProvisioningStyle = Automatic;
						TestTargetID = 8425DF231FFC39B100ED75D6;
					};
				};
			};
			buildConfigurationList = 8425DF1F1FFC39B100ED75D6 /* Build configuration list for PBXProject "ElementQuiz" */;
			compatibilityVersion = "Xcode 8.0";
			developmentRegion = en;
			hasScannedForEncodings = 0;
			knownRegions = (
				en,
				Base,
			);
			mainGroup = 8425DF1B1FFC39B100ED75D6;
			productRefGroup = 8425DF251FFC39B100ED75D6 /* Products */;
			projectDirPath = "";
			projectRoot = "";
			targets = (
				8425DF231FFC39B100ED75D6 /* ElementQuiz */,
				8425DF371FFC39B100ED75D6 /* ElementQuizTests */,
				8425DF421FFC39B100ED75D6 /* ElementQuizUITests */,
			);
		};
/* End PBXProject section */

/* Begin PBXResourcesBuildPhase section */
		8425DF221FFC39B100ED75D6 /* Resources */ = {
			isa = PBXResourcesBuildPhase;
			buildActionMask = 2147483647;
			files = (
				8425DF321FFC39B100ED75D6 /* LaunchScreen.storyboard in Resources */,
				8425DF2F1FFC39B100ED75D6 /* Assets.xcassets in Resources */,
				8425DF2D1FFC39B100ED75D6 /* Main.storyboard in Resources */,
			);
			runOnlyForDeploymentPostprocessing = 0;
		};
		8425DF361FFC39B100ED75D6 /* Resources */ = {
			isa = PBXResourcesBuildPhase;
			buildActionMask = 2147483647;
			files = (
			);
			runOnlyForDeploymentPostprocessing = 0;
		};
		8425DF411FFC39B100ED75D6 /* Resources */ = {
			isa = PBXResourcesBuildPhase;
			buildActionMask = 2147483647;
			files = (
			);
			runOnlyForDeploymentPostprocessing = 0;
		};
/* End PBXResourcesBuildPhase section */

/* Begin PBXSourcesBuildPhase section */
		8425DF201FFC39B100ED75D6 /* Sources */ = {
			isa = PBXSourcesBuildPhase;
			buildActionMask = 2147483647;
			files = (
				8425DF2A1FFC39B100ED75D6 /* ViewController.swift in Sources */,
				8425DF281FFC39B100ED75D6 /* AppDelegate.swift in Sources */,
			);
			runOnlyForDeploymentPostprocessing = 0;
		};
		8425DF341FFC39B100ED75D6 /* Sources */ = {
			isa = PBXSourcesBuildPhase;
			buildActionMask = 2147483647;
			files = (
				8425DF3D1FFC39B100ED75D6 /* ElementQuizTests.swift in Sources */,
			);
			runOnlyForDeploymentPostprocessing = 0;
		};
		8425DF3F1FFC39B100ED75D6 /* Sources */ = {
			isa = PBXSourcesBuildPhase;
			buildActionMask = 2147483647;
			files = (
				8425DF481FFC39B100ED75D6 /* ElementQuizUITests.swift in Sources */,
			);
			runOnlyForDeploymentPostprocessing = 0;
		};
/* End PBXSourcesBuildPhase section */

/* Begin PBXTargetDependency section */
		8425DF3A1FFC39B100ED75D6 /* PBXTargetDependency */ = {
			isa = PBXTargetDependency;
			target = 8425DF231FFC39B100ED75D6 /* ElementQuiz */;
			targetProxy = 8425DF391FFC39B100ED75D6 /* PBXContainerItemProxy */;
		};
		8425DF451FFC39B100ED75D6 /* PBXTargetDependency */ = {
			isa = PBXTargetDependency;
			target = 8425DF231FFC39B100ED75D6 /* ElementQuiz */;
			targetProxy = 8425DF441FFC39B100ED75D6 /* PBXContainerItemProxy */;
		};
/* End PBXTargetDependency section */

/* Begin PBXVariantGroup section */
		8425DF2B1FFC39B100ED75D6 /* Main.storyboard */ = {
			isa = PBXVariantGroup;
			children = (
				8425DF2C1FFC39B100ED75D6 /* Base */,
			);
			name = Main.storyboard;
			sourceTree = "<group>";
		};
		8425DF301FFC39B100ED75D6 /* LaunchScreen.storyboard */ = {
			isa = PBXVariantGroup;
			children = (
				8425DF311FFC39B100ED75D6 /* Base */,
			);
			name = LaunchScreen.storyboard;
			sourceTree = "<group>";
		};
/* End PBXVariantGroup section */

/* Begin XCBuildConfiguration section */
		8425DF4A1FFC39B100ED75D6 /* Debug */ = {
			isa = XCBuildConfiguration;
			buildSettings = {
				ALWAYS_SEARCH_USER_PATHS = NO;
				CLANG_ANALYZER_NONNULL = YES;
				CLANG_ANALYZER_NUMBER_OBJECT_CONVERSION = YES_AGGRESSIVE;
				CLANG_CXX_LANGUAGE_STANDARD = "gnu++14";
				CLANG_CXX_LIBRARY = "libc++";
				CLANG_ENABLE_MODULES = YES;
				CLANG_ENABLE_OBJC_ARC = YES;
				CLANG_WARN_BLOCK_CAPTURE_AUTORELEASING = YES;
				CLANG_WARN_BOOL_CONVERSION = YES;
				CLANG_WARN_COMMA = YES;
				CLANG_WARN_CONSTANT_CONVERSION = YES;
				CLANG_WARN_DIRECT_OBJC_ISA_USAGE = YES_ERROR;
				CLANG_WARN_DOCUMENTATION_COMMENTS = YES;
				CLANG_WARN_EMPTY_BODY = YES;
				CLANG_WARN_ENUM_CONVERSION = YES;
				CLANG_WARN_INFINITE_RECURSION = YES;
				CLANG_WARN_INT_CONVERSION = YES;
				CLANG_WARN_NON_LITERAL_NULL_CONVERSION = YES;
				CLANG_WARN_OBJC_LITERAL_CONVERSION = YES;
				CLANG_WARN_OBJC_ROOT_CLASS = YES_ERROR;
				CLANG_WARN_RANGE_LOOP_ANALYSIS = YES;
				CLANG_WARN_STRICT_PROTOTYPES = YES;
				CLANG_WARN_SUSPICIOUS_MOVE = YES;
				CLANG_WARN_UNGUARDED_AVAILABILITY = YES_AGGRESSIVE;
				CLANG_WARN_UNREACHABLE_CODE = YES;
				CLANG_WARN__DUPLICATE_METHOD_MATCH = YES;
				CODE_SIGN_IDENTITY = "iPhone Developer";
				COPY_PHASE_STRIP = NO;
				DEBUG_INFORMATION_FORMAT = dwarf;
				ENABLE_STRICT_OBJC_MSGSEND = YES;
				ENABLE_TESTABILITY = YES;
				GCC_C_LANGUAGE_STANDARD = gnu11;
				GCC_DYNAMIC_NO_PIC = NO;
				GCC_NO_COMMON_BLOCKS = YES;
				GCC_OPTIMIZATION_LEVEL = 0;
				GCC_PREPROCESSOR_DEFINITIONS = (
					"DEBUG=1",
					"$(inherited)",
				);
				GCC_WARN_64_TO_32_BIT_CONVERSION = YES;
				GCC_WARN_ABOUT_RETURN_TYPE = YES_ERROR;
				GCC_WARN_UNDECLARED_SELECTOR = YES;
				GCC_WARN_UNINITIALIZED_AUTOS = YES_AGGRESSIVE;
				GCC_WARN_UNUSED_FUNCTION = YES;
				GCC_WARN_UNUSED_VARIABLE = YES;
				IPHONEOS_DEPLOYMENT_TARGET = 11.2;
				MTL_ENABLE_DEBUG_INFO = YES;
				ONLY_ACTIVE_ARCH = YES;
				SDKROOT = iphoneos;
				SWIFT_ACTIVE_COMPILATION_CONDITIONS = DEBUG;
				SWIFT_OPTIMIZATION_LEVEL = "-Onone";
			};
			name = Debug;
		};
		8425DF4B1FFC39B100ED75D6 /* Release */ = {
			isa = XCBuildConfiguration;
			buildSettings = {
				ALWAYS_SEARCH_USER_PATHS = NO;
				CLANG_ANALYZER_NONNULL = YES;
				CLANG_ANALYZER_NUMBER_OBJECT_CONVERSION = YES_AGGRESSIVE;
				CLANG_CXX_LANGUAGE_STANDARD = "gnu++14";
				CLANG_CXX_LIBRARY = "libc++";
				CLANG_ENABLE_MODULES = YES;
				CLANG_ENABLE_OBJC_ARC = YES;
				CLANG_WARN_BLOCK_CAPTURE_AUTORELEASING = YES;
				CLANG_WARN_BOOL_CONVERSION = YES;
				CLANG_WARN_COMMA = YES;
				CLANG_WARN_CONSTANT_CONVERSION = YES;
				CLANG_WARN_DIRECT_OBJC_ISA_USAGE = YES_ERROR;
				CLANG_WARN_DOCUMENTATION_COMMENTS = YES;
				CLANG_WARN_EMPTY_BODY = YES;
				CLANG_WARN_ENUM_CONVERSION = YES;
				CLANG_WARN_INFINITE_RECURSION = YES;
				CLANG_WARN_INT_CONVERSION = YES;
				CLANG_WARN_NON_LITERAL_NULL_CONVERSION = YES;
				CLANG_WARN_OBJC_LITERAL_CONVERSION = YES;
				CLANG_WARN_OBJC_ROOT_CLASS = YES_ERROR;
				CLANG_WARN_RANGE_LOOP_ANALYSIS = YES;
				CLANG_WARN_STRICT_PROTOTYPES = YES;
				CLANG_WARN_SUSPICIOUS_MOVE = YES;
				CLANG_WARN_UNGUARDED_AVAILABILITY = YES_AGGRESSIVE;
				CLANG_WARN_UNREACHABLE_CODE = YES;
				CLANG_WARN__DUPLICATE_METHOD_MATCH = YES;
				CODE_SIGN_IDENTITY = "iPhone Developer";
				COPY_PHASE_STRIP = NO;
				DEBUG_INFORMATION_FORMAT = "dwarf-with-dsym";
				ENABLE_NS_ASSERTIONS = NO;
				ENABLE_STRICT_OBJC_MSGSEND = YES;
				GCC_C_LANGUAGE_STANDARD = gnu11;
				GCC_NO_COMMON_BLOCKS = YES;
				GCC_WARN_64_TO_32_BIT_CONVERSION = YES;
				GCC_WARN_ABOUT_RETURN_TYPE = YES_ERROR;
				GCC_WARN_UNDECLARED_SELECTOR = YES;
				GCC_WARN_UNINITIALIZED_AUTOS = YES_AGGRESSIVE;
				GCC_WARN_UNUSED_FUNCTION = YES;
				GCC_WARN_UNUSED_VARIABLE = YES;
				IPHONEOS_DEPLOYMENT_TARGET = 11.2;
				MTL_ENABLE_DEBUG_INFO = NO;
				SDKROOT = iphoneos;
				SWIFT_OPTIMIZATION_LEVEL = "-Owholemodule";
				VALIDATE_PRODUCT = YES;
			};
			name = Release;
		};
		8425DF4D1FFC39B100ED75D6 /* Debug */ = {
			isa = XCBuildConfiguration;
			buildSettings = {
				ASSETCATALOG_COMPILER_APPICON_NAME = AppIcon;
				CODE_SIGN_STYLE = Automatic;
				INFOPLIST_FILE = ElementQuiz/Info.plist;
				LD_RUNPATH_SEARCH_PATHS = "$(inherited) @executable_path/Frameworks";
				PRODUCT_BUNDLE_IDENTIFIER = com.kane.ElementQuiz;
				PRODUCT_NAME = "$(TARGET_NAME)";
				SWIFT_VERSION = 4.0;
				TARGETED_DEVICE_FAMILY = "1,2";
			};
			name = Debug;
		};
		8425DF4E1FFC39B100ED75D6 /* Release */ = {
			isa = XCBuildConfiguration;
			buildSettings = {
				ASSETCATALOG_COMPILER_APPICON_NAME = AppIcon;
				CODE_SIGN_STYLE = Automatic;
				INFOPLIST_FILE = ElementQuiz/Info.plist;
				LD_RUNPATH_SEARCH_PATHS = "$(inherited) @executable_path/Frameworks";
				PRODUCT_BUNDLE_IDENTIFIER = com.kane.ElementQuiz;
				PRODUCT_NAME = "$(TARGET_NAME)";
				SWIFT_VERSION = 4.0;
				TARGETED_DEVICE_FAMILY = "1,2";
			};
			name = Release;
		};
		8425DF501FFC39B100ED75D6 /* Debug */ = {
			isa = XCBuildConfiguration;
			buildSettings = {
				ALWAYS_EMBED_SWIFT_STANDARD_LIBRARIES = YES;
				BUNDLE_LOADER = "$(TEST_HOST)";
				CODE_SIGN_STYLE = Automatic;
				INFOPLIST_FILE = ElementQuizTests/Info.plist;
				LD_RUNPATH_SEARCH_PATHS = "$(inherited) @executable_path/Frameworks @loader_path/Frameworks";
				PRODUCT_BUNDLE_IDENTIFIER = com.kane.ElementQuizTests;
				PRODUCT_NAME = "$(TARGET_NAME)";
				SWIFT_VERSION = 4.0;
				TARGETED_DEVICE_FAMILY = "1,2";
				TEST_HOST = "$(BUILT_PRODUCTS_DIR)/ElementQuiz.app/ElementQuiz";
			};
			name = Debug;
		};
		8425DF511FFC39B100ED75D6 /* Release */ = {
			isa = XCBuildConfiguration;
			buildSettings = {
				ALWAYS_EMBED_SWIFT_STANDARD_LIBRARIES = YES;
				BUNDLE_LOADER = "$(TEST_HOST)";
				CODE_SIGN_STYLE = Automatic;
				INFOPLIST_FILE = ElementQuizTests/Info.plist;
				LD_RUNPATH_SEARCH_PATHS = "$(inherited) @executable_path/Frameworks @loader_path/Frameworks";
				PRODUCT_BUNDLE_IDENTIFIER = com.kane.ElementQuizTests;
				PRODUCT_NAME = "$(TARGET_NAME)";
				SWIFT_VERSION = 4.0;
				TARGETED_DEVICE_FAMILY = "1,2";
				TEST_HOST = "$(BUILT_PRODUCTS_DIR)/ElementQuiz.app/ElementQuiz";
			};
			name = Release;
		};
		8425DF531FFC39B100ED75D6 /* Debug */ = {
			isa = XCBuildConfiguration;
			buildSettings = {
				ALWAYS_EMBED_SWIFT_STANDARD_LIBRARIES = YES;
				CODE_SIGN_STYLE = Automatic;
				INFOPLIST_FILE = ElementQuizUITests/Info.plist;
				LD_RUNPATH_SEARCH_PATHS = "$(inherited) @executable_path/Frameworks @loader_path/Frameworks";
				PRODUCT_BUNDLE_IDENTIFIER = com.kane.ElementQuizUITests;
				PRODUCT_NAME = "$(TARGET_NAME)";
				SWIFT_VERSION = 4.0;
				TARGETED_DEVICE_FAMILY = "1,2";
				TEST_TARGET_NAME = ElementQuiz;
			};
			name = Debug;
		};
		8425DF541FFC39B100ED75D6 /* Release */ = {
			isa = XCBuildConfiguration;
			buildSettings = {
				ALWAYS_EMBED_SWIFT_STANDARD_LIBRARIES = YES;
				CODE_SIGN_STYLE = Automatic;
				INFOPLIST_FILE = ElementQuizUITests/Info.plist;
				LD_RUNPATH_SEARCH_PATHS = "$(inherited) @executable_path/Frameworks @loader_path/Frameworks";
				PRODUCT_BUNDLE_IDENTIFIER = com.kane.ElementQuizUITests;
				PRODUCT_NAME = "$(TARGET_NAME)";
				SWIFT_VERSION = 4.0;
				TARGETED_DEVICE_FAMILY = "1,2";
				TEST_TARGET_NAME = ElementQuiz;
			};
			name = Release;
		};
/* End XCBuildConfiguration section */

/* Begin XCConfigurationList section */
		8425DF1F1FFC39B100ED75D6 /* Build configuration list for PBXProject "ElementQuiz" */ = {
			isa = XCConfigurationList;
			buildConfigurations = (
				8425DF4A1FFC39B100ED75D6 /* Debug */,
				8425DF4B1FFC39B100ED75D6 /* Release */,
			);
			defaultConfigurationIsVisible = 0;
			defaultConfigurationName = Release;
		};
		8425DF4C1FFC39B100ED75D6 /* Build configuration list for PBXNativeTarget "ElementQuiz" */ = {
			isa = XCConfigurationList;
			buildConfigurations = (
				8425DF4D1FFC39B100ED75D6 /* Debug */,
				8425DF4E1FFC39B100ED75D6 /* Release */,
			);
			defaultConfigurationIsVisible = 0;
			defaultConfigurationName = Release;
		};
		8425DF4F1FFC39B100ED75D6 /* Build configuration list for PBXNativeTarget "ElementQuizTests" */ = {
			isa = XCConfigurationList;
			buildConfigurations = (
				8425DF501FFC39B100ED75D6 /* Debug */,
				8425DF511FFC39B100ED75D6 /* Release */,
			);
			defaultConfigurationIsVisible = 0;
			defaultConfigurationName = Release;
		};
		8425DF521FFC39B100ED75D6 /* Build configuration list for PBXNativeTarget "ElementQuizUITests" */ = {
			isa = XCConfigurationList;
			buildConfigurations = (
				8425DF531FFC39B100ED75D6 /* Debug */,
				8425DF541FFC39B100ED75D6 /* Release */,
			);
			defaultConfigurationIsVisible = 0;
			defaultConfigurationName = Release;
		};
/* End XCConfigurationList section */
	};
	rootObject = 8425DF1C1FFC39B100ED75D6 /* Project object */;
}
